
Microsoft Visual Studio Solution File, Format Version 12.00
# Visual Studio Version 17
VisualStudioVersion = 17.1.32319.34
MinimumVisualStudioVersion = 10.0.40219.1
Project("{FAE04EC0-301F-11D3-BF4B-00C04F79EFBC}") = "ServiceManagment", "ServiceManagment\ServiceManagment.csproj", "{83FB25EA-66FD-4423-A4A4-153FA8820E30}"
EndProject
Global
	GlobalSection(SolutionConfigurationPlatforms) = preSolution
		Debug|Any CPU = Debug|Any CPU
		Release|Any CPU = Release|Any CPU
	EndGlobalSection
	GlobalSection(ProjectConfigurationPlatforms) = postSolution
		{83FB25EA-66FD-4423-A4A4-153FA8820E30}.Debug|Any CPU.ActiveCfg = Debug|Any CPU
		{83FB25EA-66FD-4423-A4A4-153FA8820E30}.Debug|Any CPU.Build.0 = Debug|Any CPU
		{83FB25EA-66FD-4423-A4A4-153FA8820E30}.Release|Any CPU.ActiveCfg = Release|Any CPU
		{83FB25EA-66FD-4423-A4A4-153FA8820E30}.Release|Any CPU.Build.0 = Release|Any CPU
	EndGlobalSection
	GlobalSection(SolutionProperties) = preSolution
		HideSolutionNode = FALSE
	EndGlobalSection
	GlobalSection(ExtensibilityGlobals) = postSolution
		SolutionGuid = {60218784-4AA2-491A-83DF-31A5FAF71614}
	EndGlobalSection
EndGlobal
